{
  "name": "electric-starter-app",
  "version": "1.0.0",
  "lockfileVersion": 3,
  "requires": true,
  "packages": {
    "": {
      "name": "electric-starter-app",
      "version": "1.0.0",
      "license": "ISC",
      "dependencies": {
        "three": "^0.154.0"
      }
    },
    "node_modules/three": {
      "version": "0.154.0",
      "resolved": "https://registry.npmjs.org/three/-/three-0.154.0.tgz",
      "integrity": "sha512-Uzz8C/5GesJzv8i+Y2prEMYUwodwZySPcNhuJUdsVMH2Yn4Nm8qlbQe6qRN5fOhg55XB0WiLfTPBxVHxpE60ug=="
    }
  }
}
